schema: '2.0'
stages:
  data_ingestion:
    cmd: python src/data_ingestion.py
    deps:
    - path: src/data_ingestion.py
      hash: md5
      md5: d51f474d1d627e1ea9047e4e2f27b18f
      size: 3641
    params:
      params.yaml:
        data_ingestion.test_size: 0.45
    outs:
    - path: data/raw
      hash: md5
      md5: e2b35d9070086be174b7819838f412fb.dir
      size: 484846
      nfiles: 2
  data_preprocessing:
    cmd: python src/data_preprocessing.py
    deps:
    - path: data/raw
      hash: md5
      md5: e2b35d9070086be174b7819838f412fb.dir
      size: 484846
      nfiles: 2
    - path: src/data_preprocessing.py
      hash: md5
      md5: 07e576480f7284393ba83f8bc10ff8cb
      size: 3975
    outs:
    - path: data/interim
      hash: md5
      md5: 670c874bcd14a1c3f4a944a05cb15dc3.dir
      size: 264221
      nfiles: 2
  feature_engineering:
    cmd: python src/feature_engineering.py
    deps:
    - path: data/interim
      hash: md5
      md5: 670c874bcd14a1c3f4a944a05cb15dc3.dir
      size: 264221
      nfiles: 2
    - path: src/feature_engineering.py
      hash: md5
      md5: d2cc8c5b6fda780aaded99dae3da3fef
      size: 3912
    params:
      params.yaml:
        feature_engineering.max_features: 65
    outs:
    - path: data/processed
      hash: md5
      md5: b383341b03d69a5c458efd10821ab466.dir
      size: 1536567
      nfiles: 2
  model_building:
    cmd: python src/model_building.py
    deps:
    - path: data/processed
      hash: md5
      md5: b383341b03d69a5c458efd10821ab466.dir
      size: 1536567
      nfiles: 2
    - path: src/model_building.py
      hash: md5
      md5: d62f4253d4f19d15916f91db4ce82432
      size: 4425
    params:
      params.yaml:
        model_building.n_estimators: 24
        model_building.random_state: 2
    outs:
    - path: models/model.pkl
      hash: md5
      md5: b602710c659f56a334af14eda0628c7b
      size: 855508
  model_evaluation:
    cmd: python src/model_evaluation.py
    deps:
    - path: models/model.pkl
      hash: md5
      md5: b602710c659f56a334af14eda0628c7b
      size: 855508
    - path: src/model_evaluation.py
      hash: md5
      md5: 81e6cb2c2fe8665c313bc921c4cfac93
      size: 4696
    outs:
    - path: reports/metrics.json
      hash: md5
      md5: c40d24928178a0f432fb16ccde114c28
      size: 145
